
Microsoft Visual Studio Solution File, Format Version 12.00
# Visual Studio Version 16
VisualStudioVersion = 16.0.31911.196
MinimumVisualStudioVersion = 10.0.40219.1
Project("{FAE04EC0-301F-11D3-BF4B-00C04F79EFBC}") = "DepStoreAliha198", "DepStoreAliha198\DepStoreAliha198.csproj", "{7AF738F2-7964-446F-B5F1-FAB7FDB4587C}"
EndProject
Global
	GlobalSection(SolutionConfigurationPlatforms) = preSolution
		Debug|Any CPU = Debug|Any CPU
		Release|Any CPU = Release|Any CPU
	EndGlobalSection
	GlobalSection(ProjectConfigurationPlatforms) = postSolution
		{7AF738F2-7964-446F-B5F1-FAB7FDB4587C}.Debug|Any CPU.ActiveCfg = Debug|Any CPU
		{7AF738F2-7964-446F-B5F1-FAB7FDB4587C}.Debug|Any CPU.Build.0 = Debug|Any CPU
		{7AF738F2-7964-446F-B5F1-FAB7FDB4587C}.Release|Any CPU.ActiveCfg = Release|Any CPU
		{7AF738F2-7964-446F-B5F1-FAB7FDB4587C}.Release|Any CPU.Build.0 = Release|Any CPU
	EndGlobalSection
	GlobalSection(SolutionProperties) = preSolution
		HideSolutionNode = FALSE
	EndGlobalSection
	GlobalSection(ExtensibilityGlobals) = postSolution
		SolutionGuid = {A5067D80-EFCB-4256-B519-2EA214059B34}
	EndGlobalSection
EndGlobal
